// !$*UTF8*$!
{
	archiveVersion = 1;
	classes = {
	};
	objectVersion = 56;
	objects = {

/* Begin PBXBuildFile section */
		AB3DEF5C2A0D4AE600664040 /* OrderConfirmationViewController.swift in Sources */ = {isa = PBXBuildFile; fileRef = AB3DEF5B2A0D4AE600664040 /* OrderConfirmationViewController.swift */; };
		AB3DEF5E2A0E7A4200664040 /* MenuItemCell.swift in Sources */ = {isa = PBXBuildFile; fileRef = AB3DEF5D2A0E7A4200664040 /* MenuItemCell.swift */; };
		AB7CF4222A0A944E006FE0CC /* AppDelegate.swift in Sources */ = {isa = PBXBuildFile; fileRef = AB7CF4212A0A944E006FE0CC /* AppDelegate.swift */; };
		AB7CF4242A0A944E006FE0CC /* SceneDelegate.swift in Sources */ = {isa = PBXBuildFile; fileRef = AB7CF4232A0A944E006FE0CC /* SceneDelegate.swift */; };
		AB7CF4292A0A944E006FE0CC /* Main.storyboard in Resources */ = {isa = PBXBuildFile; fileRef = AB7CF4272A0A944E006FE0CC /* Main.storyboard */; };
		AB7CF42B2A0A9450006FE0CC /* Assets.xcassets in Resources */ = {isa = PBXBuildFile; fileRef = AB7CF42A2A0A9450006FE0CC /* Assets.xcassets */; };
		AB7CF42E2A0A9450006FE0CC /* LaunchScreen.storyboard in Resources */ = {isa = PBXBuildFile; fileRef = AB7CF42C2A0A9450006FE0CC /* LaunchScreen.storyboard */; };
		AB7CF4362A0A9957006FE0CC /* CategoryTableViewController.swift in Sources */ = {isa = PBXBuildFile; fileRef = AB7CF4352A0A9957006FE0CC /* CategoryTableViewController.swift */; };
		AB7CF4382A0A9962006FE0CC /* MenuTableViewController.swift in Sources */ = {isa = PBXBuildFile; fileRef = AB7CF4372A0A9962006FE0CC /* MenuTableViewController.swift */; };
		AB7CF43A2A0A9968006FE0CC /* OrderTableViewController.swift in Sources */ = {isa = PBXBuildFile; fileRef = AB7CF4392A0A9968006FE0CC /* OrderTableViewController.swift */; };
		AB7CF43C2A0A9B4A006FE0CC /* MenuItemDetailViewController.swift in Sources */ = {isa = PBXBuildFile; fileRef = AB7CF43B2A0A9B4A006FE0CC /* MenuItemDetailViewController.swift */; };
		AB7CF43E2A0A9BD6006FE0CC /* MenuItem.swift in Sources */ = {isa = PBXBuildFile; fileRef = AB7CF43D2A0A9BD6006FE0CC /* MenuItem.swift */; };
		AB7CF4402A0A9D53006FE0CC /* ResponseModels.swift in Sources */ = {isa = PBXBuildFile; fileRef = AB7CF43F2A0A9D53006FE0CC /* ResponseModels.swift */; };
		AB7CF4422A0AA0A6006FE0CC /* Order.swift in Sources */ = {isa = PBXBuildFile; fileRef = AB7CF4412A0AA0A6006FE0CC /* Order.swift */; };
		AB7CF4442A0AA120006FE0CC /* MenuController.swift in Sources */ = {isa = PBXBuildFile; fileRef = AB7CF4432A0AA120006FE0CC /* MenuController.swift */; };
/* End PBXBuildFile section */

/* Begin PBXFileReference section */
		AB3DEF5B2A0D4AE600664040 /* OrderConfirmationViewController.swift */ = {isa = PBXFileReference; lastKnownFileType = sourcecode.swift; path = OrderConfirmationViewController.swift; sourceTree = "<group>"; };
		AB3DEF5D2A0E7A4200664040 /* MenuItemCell.swift */ = {isa = PBXFileReference; lastKnownFileType = sourcecode.swift; path = MenuItemCell.swift; sourceTree = "<group>"; };
		AB7CF41E2A0A944E006FE0CC /* OrderApp.app */ = {isa = PBXFileReference; explicitFileType = wrapper.application; includeInIndex = 0; path = OrderApp.app; sourceTree = BUILT_PRODUCTS_DIR; };
		AB7CF4212A0A944E006FE0CC /* AppDelegate.swift */ = {isa = PBXFileReference; lastKnownFileType = sourcecode.swift; path = AppDelegate.swift; sourceTree = "<group>"; };
		AB7CF4232A0A944E006FE0CC /* SceneDelegate.swift */ = {isa = PBXFileReference; lastKnownFileType = sourcecode.swift; path = SceneDelegate.swift; sourceTree = "<group>"; };
		AB7CF4282A0A944E006FE0CC /* Base */ = {isa = PBXFileReference; lastKnownFileType = file.storyboard; name = Base; path = Base.lproj/Main.storyboard; sourceTree = "<group>"; };
		AB7CF42A2A0A9450006FE0CC /* Assets.xcassets */ = {isa = PBXFileReference; lastKnownFileType = folder.assetcatalog; path = Assets.xcassets; sourceTree = "<group>"; };
		AB7CF42D2A0A9450006FE0CC /* Base */ = {isa = PBXFileReference; lastKnownFileType = file.storyboard; name = Base; path = Base.lproj/LaunchScreen.storyboard; sourceTree = "<group>"; };
		AB7CF42F2A0A9450006FE0CC /* Info.plist */ = {isa = PBXFileReference; lastKnownFileType = text.plist.xml; path = Info.plist; sourceTree = "<group>"; };
		AB7CF4352A0A9957006FE0CC /* CategoryTableViewController.swift */ = {isa = PBXFileReference; lastKnownFileType = sourcecode.swift; path = CategoryTableViewController.swift; sourceTree = "<group>"; };
		AB7CF4372A0A9962006FE0CC /* MenuTableViewController.swift */ = {isa = PBXFileReference; lastKnownFileType = sourcecode.swift; path = MenuTableViewController.swift; sourceTree = "<group>"; };
		AB7CF4392A0A9968006FE0CC /* OrderTableViewController.swift */ = {isa = PBXFileReference; lastKnownFileType = sourcecode.swift; path = OrderTableViewController.swift; sourceTree = "<group>"; };
		AB7CF43B2A0A9B4A006FE0CC /* MenuItemDetailViewController.swift */ = {isa = PBXFileReference; lastKnownFileType = sourcecode.swift; path = MenuItemDetailViewController.swift; sourceTree = "<group>"; };
		AB7CF43D2A0A9BD6006FE0CC /* MenuItem.swift */ = {isa = PBXFileReference; lastKnownFileType = sourcecode.swift; path = MenuItem.swift; sourceTree = "<group>"; };
		AB7CF43F2A0A9D53006FE0CC /* ResponseModels.swift */ = {isa = PBXFileReference; lastKnownFileType = sourcecode.swift; path = ResponseModels.swift; sourceTree = "<group>"; };
		AB7CF4412A0AA0A6006FE0CC /* Order.swift */ = {isa = PBXFileReference; lastKnownFileType = sourcecode.swift; path = Order.swift; sourceTree = "<group>"; };
		AB7CF4432A0AA120006FE0CC /* MenuController.swift */ = {isa = PBXFileReference; lastKnownFileType = sourcecode.swift; path = MenuController.swift; sourceTree = "<group>"; };
/* End PBXFileReference section */

/* Begin PBXFrameworksBuildPhase section */
		AB7CF41B2A0A944E006FE0CC /* Frameworks */ = {
			isa = PBXFrameworksBuildPhase;
			buildActionMask = 2147483647;
			files = (
			);
			runOnlyForDeploymentPostprocessing = 0;
		};
/* End PBXFrameworksBuildPhase section */

/* Begin PBXGroup section */
		AB3DEF932A11A47200664040 /* Menu */ = {
			isa = PBXGroup;
			children = (
				AB3DEF5D2A0E7A4200664040 /* MenuItemCell.swift */,
				AB7CF4372A0A9962006FE0CC /* MenuTableViewController.swift */,
				AB7CF43B2A0A9B4A006FE0CC /* MenuItemDetailViewController.swift */,
			);
			path = Menu;
			sourceTree = "<group>";
		};
		AB3DEF942A11A49D00664040 /* Order */ = {
			isa = PBXGroup;
			children = (
				AB7CF4392A0A9968006FE0CC /* OrderTableViewController.swift */,
				AB3DEF5B2A0D4AE600664040 /* OrderConfirmationViewController.swift */,
				AB7CF4412A0AA0A6006FE0CC /* Order.swift */,
			);
			path = Order;
			sourceTree = "<group>";
		};
		AB7CF4152A0A944E006FE0CC = {
			isa = PBXGroup;
			children = (
				AB7CF4202A0A944E006FE0CC /* OrderApp */,
				AB7CF41F2A0A944E006FE0CC /* Products */,
			);
			sourceTree = "<group>";
		};
		AB7CF41F2A0A944E006FE0CC /* Products */ = {
			isa = PBXGroup;
			children = (
				AB7CF41E2A0A944E006FE0CC /* OrderApp.app */,
			);
			name = Products;
			sourceTree = "<group>";
		};
		AB7CF4202A0A944E006FE0CC /* OrderApp */ = {
			isa = PBXGroup;
			children = (
				AB7CF42F2A0A9450006FE0CC /* Info.plist */,
				AB7CF4212A0A944E006FE0CC /* AppDelegate.swift */,
				AB7CF4352A0A9957006FE0CC /* CategoryTableViewController.swift */,
				AB7CF4432A0AA120006FE0CC /* MenuController.swift */,
				AB7CF43D2A0A9BD6006FE0CC /* MenuItem.swift */,
				AB3DEF932A11A47200664040 /* Menu */,
				AB3DEF942A11A49D00664040 /* Order */,
				AB7CF43F2A0A9D53006FE0CC /* ResponseModels.swift */,
				AB7CF4232A0A944E006FE0CC /* SceneDelegate.swift */,
				AB7CF42A2A0A9450006FE0CC /* Assets.xcassets */,
				AB7CF42C2A0A9450006FE0CC /* LaunchScreen.storyboard */,
				AB7CF4272A0A944E006FE0CC /* Main.storyboard */,
			);
			path = OrderApp;
			sourceTree = "<group>";
		};
/* End PBXGroup section */

/* Begin PBXNativeTarget section */
		AB7CF41D2A0A944E006FE0CC /* OrderApp */ = {
			isa = PBXNativeTarget;
			buildConfigurationList = AB7CF4322A0A9450006FE0CC /* Build configuration list for PBXNativeTarget "OrderApp" */;
			buildPhases = (
				AB7CF41A2A0A944E006FE0CC /* Sources */,
				AB7CF41B2A0A944E006FE0CC /* Frameworks */,
				AB7CF41C2A0A944E006FE0CC /* Resources */,
			);
			buildRules = (
			);
			dependencies = (
			);
			name = OrderApp;
			productName = OrderApp;
			productReference = AB7CF41E2A0A944E006FE0CC /* OrderApp.app */;
			productType = "com.apple.product-type.application";
		};
/* End PBXNativeTarget section */

/* Begin PBXProject section */
		AB7CF4162A0A944E006FE0CC /* Project object */ = {
			isa = PBXProject;
			attributes = {
				BuildIndependentTargetsInParallel = 1;
				LastSwiftUpdateCheck = 1430;
				LastUpgradeCheck = 1430;
				TargetAttributes = {
					AB7CF41D2A0A944E006FE0CC = {
						CreatedOnToolsVersion = 14.3;
					};
				};
			};
			buildConfigurationList = AB7CF4192A0A944E006FE0CC /* Build configuration list for PBXProject "OrderApp" */;
			compatibilityVersion = "Xcode 14.0";
			developmentRegion = en;
			hasScannedForEncodings = 0;
			knownRegions = (
				en,
				Base,
			);
			mainGroup = AB7CF4152A0A944E006FE0CC;
			productRefGroup = AB7CF41F2A0A944E006FE0CC /* Products */;
			projectDirPath = "";
			projectRoot = "";
			targets = (
				AB7CF41D2A0A944E006FE0CC /* OrderApp */,
			);
		};
/* End PBXProject section */

/* Begin PBXResourcesBuildPhase section */
		AB7CF41C2A0A944E006FE0CC /* Resources */ = {
			isa = PBXResourcesBuildPhase;
			buildActionMask = 2147483647;
			files = (
				AB7CF42E2A0A9450006FE0CC /* LaunchScreen.storyboard in Resources */,
				AB7CF42B2A0A9450006FE0CC /* Assets.xcassets in Resources */,
				AB7CF4292A0A944E006FE0CC /* Main.storyboard in Resources */,
			);
			runOnlyForDeploymentPostprocessing = 0;
		};
/* End PBXResourcesBuildPhase section */

/* Begin PBXSourcesBuildPhase section */
		AB7CF41A2A0A944E006FE0CC /* Sources */ = {
			isa = PBXSourcesBuildPhase;
			buildActionMask = 2147483647;
			files = (
				AB7CF4442A0AA120006FE0CC /* MenuController.swift in Sources */,
				AB7CF43E2A0A9BD6006FE0CC /* MenuItem.swift in Sources */,
				AB7CF4382A0A9962006FE0CC /* MenuTableViewController.swift in Sources */,
				AB7CF4402A0A9D53006FE0CC /* ResponseModels.swift in Sources */,
				AB7CF4422A0AA0A6006FE0CC /* Order.swift in Sources */,
				AB7CF43C2A0A9B4A006FE0CC /* MenuItemDetailViewController.swift in Sources */,
				AB7CF43A2A0A9968006FE0CC /* OrderTableViewController.swift in Sources */,
				AB7CF4222A0A944E006FE0CC /* AppDelegate.swift in Sources */,
				AB7CF4242A0A944E006FE0CC /* SceneDelegate.swift in Sources */,
				AB3DEF5E2A0E7A4200664040 /* MenuItemCell.swift in Sources */,
				AB3DEF5C2A0D4AE600664040 /* OrderConfirmationViewController.swift in Sources */,
				AB7CF4362A0A9957006FE0CC /* CategoryTableViewController.swift in Sources */,
			);
			runOnlyForDeploymentPostprocessing = 0;
		};
/* End PBXSourcesBuildPhase section */

/* Begin PBXVariantGroup section */
		AB7CF4272A0A944E006FE0CC /* Main.storyboard */ = {
			isa = PBXVariantGroup;
			children = (
				AB7CF4282A0A944E006FE0CC /* Base */,
			);
			name = Main.storyboard;
			sourceTree = "<group>";
		};
		AB7CF42C2A0A9450006FE0CC /* LaunchScreen.storyboard */ = {
			isa = PBXVariantGroup;
			children = (
				AB7CF42D2A0A9450006FE0CC /* Base */,
			);
			name = LaunchScreen.storyboard;
			sourceTree = "<group>";
		};
/* End PBXVariantGroup section */

/* Begin XCBuildConfiguration section */
		AB7CF4302A0A9450006FE0CC /* Debug */ = {
			isa = XCBuildConfiguration;
			buildSettings = {
				ALWAYS_SEARCH_USER_PATHS = NO;
				CLANG_ANALYZER_NONNULL = YES;
				CLANG_ANALYZER_NUMBER_OBJECT_CONVERSION = YES_AGGRESSIVE;
				CLANG_CXX_LANGUAGE_STANDARD = "gnu++20";
				CLANG_ENABLE_MODULES = YES;
				CLANG_ENABLE_OBJC_ARC = YES;
				CLANG_ENABLE_OBJC_WEAK = YES;
				CLANG_WARN_BLOCK_CAPTURE_AUTORELEASING = YES;
				CLANG_WARN_BOOL_CONVERSION = YES;
				CLANG_WARN_COMMA = YES;
				CLANG_WARN_CONSTANT_CONVERSION = YES;
				CLANG_WARN_DEPRECATED_OBJC_IMPLEMENTATIONS = YES;
				CLANG_WARN_DIRECT_OBJC_ISA_USAGE = YES_ERROR;
				CLANG_WARN_DOCUMENTATION_COMMENTS = YES;
				CLANG_WARN_EMPTY_BODY = YES;
				CLANG_WARN_ENUM_CONVERSION = YES;
				CLANG_WARN_INFINITE_RECURSION = YES;
				CLANG_WARN_INT_CONVERSION = YES;
				CLANG_WARN_NON_LITERAL_NULL_CONVERSION = YES;
				CLANG_WARN_OBJC_IMPLICIT_RETAIN_SELF = YES;
				CLANG_WARN_OBJC_LITERAL_CONVERSION = YES;
				CLANG_WARN_OBJC_ROOT_CLASS = YES_ERROR;
				CLANG_WARN_QUOTED_INCLUDE_IN_FRAMEWORK_HEADER = YES;
				CLANG_WARN_RANGE_LOOP_ANALYSIS = YES;
				CLANG_WARN_STRICT_PROTOTYPES = YES;
				CLANG_WARN_SUSPICIOUS_MOVE = YES;
				CLANG_WARN_UNGUARDED_AVAILABILITY = YES_AGGRESSIVE;
				CLANG_WARN_UNREACHABLE_CODE = YES;
				CLANG_WARN__DUPLICATE_METHOD_MATCH = YES;
				COPY_PHASE_STRIP = NO;
				DEBUG_INFORMATION_FORMAT = dwarf;
				ENABLE_STRICT_OBJC_MSGSEND = YES;
				ENABLE_TESTABILITY = YES;
				GCC_C_LANGUAGE_STANDARD = gnu11;
				GCC_DYNAMIC_NO_PIC = NO;
				GCC_NO_COMMON_BLOCKS = YES;
				GCC_OPTIMIZATION_LEVEL = 0;
				GCC_PREPROCESSOR_DEFINITIONS = (
					"DEBUG=1",
					"$(inherited)",
				);
				GCC_WARN_64_TO_32_BIT_CONVERSION = YES;
				GCC_WARN_ABOUT_RETURN_TYPE = YES_ERROR;
				GCC_WARN_UNDECLARED_SELECTOR = YES;
				GCC_WARN_UNINITIALIZED_AUTOS = YES_AGGRESSIVE;
				GCC_WARN_UNUSED_FUNCTION = YES;
				GCC_WARN_UNUSED_VARIABLE = YES;
				IPHONEOS_DEPLOYMENT_TARGET = 16.4;
				MTL_ENABLE_DEBUG_INFO = INCLUDE_SOURCE;
				MTL_FAST_MATH = YES;
				ONLY_ACTIVE_ARCH = YES;
				SDKROOT = iphoneos;
				SWIFT_ACTIVE_COMPILATION_CONDITIONS = DEBUG;
				SWIFT_OPTIMIZATION_LEVEL = "-Onone";
			};
			name = Debug;
		};
		AB7CF4312A0A9450006FE0CC /* Release */ = {
			isa = XCBuildConfiguration;
			buildSettings = {
				ALWAYS_SEARCH_USER_PATHS = NO;
				CLANG_ANALYZER_NONNULL = YES;
				CLANG_ANALYZER_NUMBER_OBJECT_CONVERSION = YES_AGGRESSIVE;
				CLANG_CXX_LANGUAGE_STANDARD = "gnu++20";
				CLANG_ENABLE_MODULES = YES;
				CLANG_ENABLE_OBJC_ARC = YES;
				CLANG_ENABLE_OBJC_WEAK = YES;
				CLANG_WARN_BLOCK_CAPTURE_AUTORELEASING = YES;
				CLANG_WARN_BOOL_CONVERSION = YES;
				CLANG_WARN_COMMA = YES;
				CLANG_WARN_CONSTANT_CONVERSION = YES;
				CLANG_WARN_DEPRECATED_OBJC_IMPLEMENTATIONS = YES;
				CLANG_WARN_DIRECT_OBJC_ISA_USAGE = YES_ERROR;
				CLANG_WARN_DOCUMENTATION_COMMENTS = YES;
				CLANG_WARN_EMPTY_BODY = YES;
				CLANG_WARN_ENUM_CONVERSION = YES;
				CLANG_WARN_INFINITE_RECURSION = YES;
				CLANG_WARN_INT_CONVERSION = YES;
				CLANG_WARN_NON_LITERAL_NULL_CONVERSION = YES;
				CLANG_WARN_OBJC_IMPLICIT_RETAIN_SELF = YES;
				CLANG_WARN_OBJC_LITERAL_CONVERSION = YES;
				CLANG_WARN_OBJC_ROOT_CLASS = YES_ERROR;
				CLANG_WARN_QUOTED_INCLUDE_IN_FRAMEWORK_HEADER = YES;
				CLANG_WARN_RANGE_LOOP_ANALYSIS = YES;
				CLANG_WARN_STRICT_PROTOTYPES = YES;
				CLANG_WARN_SUSPICIOUS_MOVE = YES;
				CLANG_WARN_UNGUARDED_AVAILABILITY = YES_AGGRESSIVE;
				CLANG_WARN_UNREACHABLE_CODE = YES;
				CLANG_WARN__DUPLICATE_METHOD_MATCH = YES;
				COPY_PHASE_STRIP = NO;
				DEBUG_INFORMATION_FORMAT = "dwarf-with-dsym";
				ENABLE_NS_ASSERTIONS = NO;
				ENABLE_STRICT_OBJC_MSGSEND = YES;
				GCC_C_LANGUAGE_STANDARD = gnu11;
				GCC_NO_COMMON_BLOCKS = YES;
				GCC_WARN_64_TO_32_BIT_CONVERSION = YES;
				GCC_WARN_ABOUT_RETURN_TYPE = YES_ERROR;
				GCC_WARN_UNDECLARED_SELECTOR = YES;
				GCC_WARN_UNINITIALIZED_AUTOS = YES_AGGRESSIVE;
				GCC_WARN_UNUSED_FUNCTION = YES;
				GCC_WARN_UNUSED_VARIABLE = YES;
				IPHONEOS_DEPLOYMENT_TARGET = 16.4;
				MTL_ENABLE_DEBUG_INFO = NO;
				MTL_FAST_MATH = YES;
				SDKROOT = iphoneos;
				SWIFT_COMPILATION_MODE = wholemodule;
				SWIFT_OPTIMIZATION_LEVEL = "-O";
				VALIDATE_PRODUCT = YES;
			};
			name = Release;
		};
		AB7CF4332A0A9450006FE0CC /* Debug */ = {
			isa = XCBuildConfiguration;
			buildSettings = {
				ASSETCATALOG_COMPILER_APPICON_NAME = AppIcon;
				ASSETCATALOG_COMPILER_GLOBAL_ACCENT_COLOR_NAME = AccentColor;
				CODE_SIGN_STYLE = Automatic;
				CURRENT_PROJECT_VERSION = 1;
				DEVELOPMENT_TEAM = 6Y4CXR7524;
				GENERATE_INFOPLIST_FILE = YES;
				INFOPLIST_FILE = OrderApp/Info.plist;
				INFOPLIST_KEY_UIApplicationSupportsIndirectInputEvents = YES;
				INFOPLIST_KEY_UILaunchStoryboardName = LaunchScreen;
				INFOPLIST_KEY_UIMainStoryboardFile = Main;
				INFOPLIST_KEY_UISupportedInterfaceOrientations_iPad = "UIInterfaceOrientationPortrait UIInterfaceOrientationPortraitUpsideDown UIInterfaceOrientationLandscapeLeft UIInterfaceOrientationLandscapeRight";
				INFOPLIST_KEY_UISupportedInterfaceOrientations_iPhone = "UIInterfaceOrientationPortrait UIInterfaceOrientationLandscapeLeft UIInterfaceOrientationLandscapeRight";
				LD_RUNPATH_SEARCH_PATHS = (
					"$(inherited)",
					"@executable_path/Frameworks",
				);
				MARKETING_VERSION = 1.0;
				PRODUCT_BUNDLE_IDENTIFIER = mtech.OrderApp;
				PRODUCT_NAME = "$(TARGET_NAME)";
				SWIFT_EMIT_LOC_STRINGS = YES;
				SWIFT_VERSION = 5.0;
				TARGETED_DEVICE_FAMILY = "1,2";
			};
			name = Debug;
		};
		AB7CF4342A0A9450006FE0CC /* Release */ = {
			isa = XCBuildConfiguration;
			buildSettings = {
				ASSETCATALOG_COMPILER_APPICON_NAME = AppIcon;
				ASSETCATALOG_COMPILER_GLOBAL_ACCENT_COLOR_NAME = AccentColor;
				CODE_SIGN_STYLE = Automatic;
				CURRENT_PROJECT_VERSION = 1;
				DEVELOPMENT_TEAM = 6Y4CXR7524;
				GENERATE_INFOPLIST_FILE = YES;
				INFOPLIST_FILE = OrderApp/Info.plist;
				INFOPLIST_KEY_UIApplicationSupportsIndirectInputEvents = YES;
				INFOPLIST_KEY_UILaunchStoryboardName = LaunchScreen;
				INFOPLIST_KEY_UIMainStoryboardFile = Main;
				INFOPLIST_KEY_UISupportedInterfaceOrientations_iPad = "UIInterfaceOrientationPortrait UIInterfaceOrientationPortraitUpsideDown UIInterfaceOrientationLandscapeLeft UIInterfaceOrientationLandscapeRight";
				INFOPLIST_KEY_UISupportedInterfaceOrientations_iPhone = "UIInterfaceOrientationPortrait UIInterfaceOrientationLandscapeLeft UIInterfaceOrientationLandscapeRight";
				LD_RUNPATH_SEARCH_PATHS = (
					"$(inherited)",
					"@executable_path/Frameworks",
				);
				MARKETING_VERSION = 1.0;
				PRODUCT_BUNDLE_IDENTIFIER = mtech.OrderApp;
				PRODUCT_NAME = "$(TARGET_NAME)";
				SWIFT_EMIT_LOC_STRINGS = YES;
				SWIFT_VERSION = 5.0;
				TARGETED_DEVICE_FAMILY = "1,2";
			};
			name = Release;
		};
/* End XCBuildConfiguration section */

/* Begin XCConfigurationList section */
		AB7CF4192A0A944E006FE0CC /* Build configuration list for PBXProject "OrderApp" */ = {
			isa = XCConfigurationList;
			buildConfigurations = (
				AB7CF4302A0A9450006FE0CC /* Debug */,
				AB7CF4312A0A9450006FE0CC /* Release */,
			);
			defaultConfigurationIsVisible = 0;
			defaultConfigurationName = Release;
		};
		AB7CF4322A0A9450006FE0CC /* Build configuration list for PBXNativeTarget "OrderApp" */ = {
			isa = XCConfigurationList;
			buildConfigurations = (
				AB7CF4332A0A9450006FE0CC /* Debug */,
				AB7CF4342A0A9450006FE0CC /* Release */,
			);
			defaultConfigurationIsVisible = 0;
			defaultConfigurationName = Release;
		};
/* End XCConfigurationList section */
	};
	rootObject = AB7CF4162A0A944E006FE0CC /* Project object */;
}
